
Microsoft Visual Studio Solution File, Format Version 12.00
# Visual Studio 15
VisualStudioVersion = 15.0.27703.2000
MinimumVisualStudioVersion = 10.0.40219.1
Project("{FAE04EC0-301F-11D3-BF4B-00C04F79EFBC}") = "Storyteller", "Storyteller\Storyteller.csproj", "{0433C155-2DC5-4FAA-80BB-55390797CFAB}"
EndProject
Project("{FAE04EC0-301F-11D3-BF4B-00C04F79EFBC}") = "Storyteller.Tests", "Storyteller.Tests\Storyteller.Tests.csproj", "{CB73FF06-3C57-407F-973F-D85087CC7C01}"
EndProject
Global
	GlobalSection(SolutionConfigurationPlatforms) = preSolution
		Debug|Any CPU = Debug|Any CPU
		Release|Any CPU = Release|Any CPU
	EndGlobalSection
	GlobalSection(ProjectConfigurationPlatforms) = postSolution
		{0433C155-2DC5-4FAA-80BB-55390797CFAB}.Debug|Any CPU.ActiveCfg = Debug|Any CPU
		{0433C155-2DC5-4FAA-80BB-55390797CFAB}.Debug|Any CPU.Build.0 = Debug|Any CPU
		{0433C155-2DC5-4FAA-80BB-55390797CFAB}.Release|Any CPU.ActiveCfg = Release|Any CPU
		{0433C155-2DC5-4FAA-80BB-55390797CFAB}.Release|Any CPU.Build.0 = Release|Any CPU
		{CB73FF06-3C57-407F-973F-D85087CC7C01}.Debug|Any CPU.ActiveCfg = Debug|Any CPU
		{CB73FF06-3C57-407F-973F-D85087CC7C01}.Debug|Any CPU.Build.0 = Debug|Any CPU
		{CB73FF06-3C57-407F-973F-D85087CC7C01}.Release|Any CPU.ActiveCfg = Release|Any CPU
		{CB73FF06-3C57-407F-973F-D85087CC7C01}.Release|Any CPU.Build.0 = Release|Any CPU
	EndGlobalSection
	GlobalSection(SolutionProperties) = preSolution
		HideSolutionNode = FALSE
	EndGlobalSection
	GlobalSection(ExtensibilityGlobals) = postSolution
		SolutionGuid = {8EB792B5-C484-4733-9D78-CB8CDF106C5E}
	EndGlobalSection
EndGlobal
